// !$*UTF8*$!
{
	archiveVersion = 1;
	classes = {
	};
	objectVersion = 46;
	objects = {

/* Begin PBXBuildFile section */
		6B2362741C52538F00827319 /* RecordedAudio.swift in Sources */ = {isa = PBXBuildFile; fileRef = 6B2362731C52538F00827319 /* RecordedAudio.swift */; };
		6BF740101C4F38EF00797BD2 /* AppDelegate.swift in Sources */ = {isa = PBXBuildFile; fileRef = 6BF7400F1C4F38EF00797BD2 /* AppDelegate.swift */; };
		6BF740121C4F38EF00797BD2 /* RecordSoundsViewController.swift in Sources */ = {isa = PBXBuildFile; fileRef = 6BF740111C4F38EF00797BD2 /* RecordSoundsViewController.swift */; };
		6BF740151C4F38EF00797BD2 /* Main.storyboard in Resources */ = {isa = PBXBuildFile; fileRef = 6BF740131C4F38EF00797BD2 /* Main.storyboard */; };
		6BF740171C4F38EF00797BD2 /* Assets.xcassets in Resources */ = {isa = PBXBuildFile; fileRef = 6BF740161C4F38EF00797BD2 /* Assets.xcassets */; };
		6BF7401A1C4F38EF00797BD2 /* LaunchScreen.storyboard in Resources */ = {isa = PBXBuildFile; fileRef = 6BF740181C4F38EF00797BD2 /* LaunchScreen.storyboard */; };
		6BF740221C50F5E500797BD2 /* PlaySoundsViewController.swift in Sources */ = {isa = PBXBuildFile; fileRef = 6BF740211C50F5E500797BD2 /* PlaySoundsViewController.swift */; };
/* End PBXBuildFile section */

/* Begin PBXFileReference section */
		6B2362731C52538F00827319 /* RecordedAudio.swift */ = {isa = PBXFileReference; fileEncoding = 4; lastKnownFileType = sourcecode.swift; path = RecordedAudio.swift; sourceTree = "<group>"; };
		6BF7400C1C4F38EF00797BD2 /* Pitch Perfect.app */ = {isa = PBXFileReference; explicitFileType = wrapper.application; includeInIndex = 0; path = "Pitch Perfect.app"; sourceTree = BUILT_PRODUCTS_DIR; };
		6BF7400F1C4F38EF00797BD2 /* AppDelegate.swift */ = {isa = PBXFileReference; lastKnownFileType = sourcecode.swift; path = AppDelegate.swift; sourceTree = "<group>"; };
		6BF740111C4F38EF00797BD2 /* RecordSoundsViewController.swift */ = {isa = PBXFileReference; lastKnownFileType = sourcecode.swift; path = RecordSoundsViewController.swift; sourceTree = "<group>"; };
		6BF740141C4F38EF00797BD2 /* Base */ = {isa = PBXFileReference; lastKnownFileType = file.storyboard; name = Base; path = Base.lproj/Main.storyboard; sourceTree = "<group>"; };
		6BF740161C4F38EF00797BD2 /* Assets.xcassets */ = {isa = PBXFileReference; lastKnownFileType = folder.assetcatalog; path = Assets.xcassets; sourceTree = "<group>"; };
		6BF740191C4F38EF00797BD2 /* Base */ = {isa = PBXFileReference; lastKnownFileType = file.storyboard; name = Base; path = Base.lproj/LaunchScreen.storyboard; sourceTree = "<group>"; };
		6BF7401B1C4F38EF00797BD2 /* Info.plist */ = {isa = PBXFileReference; lastKnownFileType = text.plist.xml; path = Info.plist; sourceTree = "<group>"; };
		6BF740211C50F5E500797BD2 /* PlaySoundsViewController.swift */ = {isa = PBXFileReference; fileEncoding = 4; lastKnownFileType = sourcecode.swift; path = PlaySoundsViewController.swift; sourceTree = "<group>"; };
/* End PBXFileReference section */

/* Begin PBXFrameworksBuildPhase section */
		6BF740091C4F38EF00797BD2 /* Frameworks */ = {
			isa = PBXFrameworksBuildPhase;
			buildActionMask = 2147483647;
			files = (
			);
			runOnlyForDeploymentPostprocessing = 0;
		};
/* End PBXFrameworksBuildPhase section */

/* Begin PBXGroup section */
		6BF740031C4F38EF00797BD2 = {
			isa = PBXGroup;
			children = (
				6BF7400E1C4F38EF00797BD2 /* Pitch Perfect */,
				6BF7400D1C4F38EF00797BD2 /* Products */,
			);
			sourceTree = "<group>";
		};
		6BF7400D1C4F38EF00797BD2 /* Products */ = {
			isa = PBXGroup;
			children = (
				6BF7400C1C4F38EF00797BD2 /* Pitch Perfect.app */,
			);
			name = Products;
			sourceTree = "<group>";
		};
		6BF7400E1C4F38EF00797BD2 /* Pitch Perfect */ = {
			isa = PBXGroup;
			children = (
				6BF7400F1C4F38EF00797BD2 /* AppDelegate.swift */,
				6BF740131C4F38EF00797BD2 /* Main.storyboard */,
				6BF740111C4F38EF00797BD2 /* RecordSoundsViewController.swift */,
				6BF740211C50F5E500797BD2 /* PlaySoundsViewController.swift */,
				6B2362731C52538F00827319 /* RecordedAudio.swift */,
				6BF740161C4F38EF00797BD2 /* Assets.xcassets */,
				6BF740181C4F38EF00797BD2 /* LaunchScreen.storyboard */,
				6BF7401B1C4F38EF00797BD2 /* Info.plist */,
			);
			path = "Pitch Perfect";
			sourceTree = "<group>";
		};
/* End PBXGroup section */

/* Begin PBXNativeTarget section */
		6BF7400B1C4F38EF00797BD2 /* Pitch Perfect */ = {
			isa = PBXNativeTarget;
			buildConfigurationList = 6BF7401E1C4F38EF00797BD2 /* Build configuration list for PBXNativeTarget "Pitch Perfect" */;
			buildPhases = (
				6BF740081C4F38EF00797BD2 /* Sources */,
				6BF740091C4F38EF00797BD2 /* Frameworks */,
				6BF7400A1C4F38EF00797BD2 /* Resources */,
			);
			buildRules = (
			);
			dependencies = (
			);
			name = "Pitch Perfect";
			productName = "Pitch Perfect";
			productReference = 6BF7400C1C4F38EF00797BD2 /* Pitch Perfect.app */;
			productType = "com.apple.product-type.application";
		};
/* End PBXNativeTarget section */

/* Begin PBXProject section */
		6BF740041C4F38EF00797BD2 /* Project object */ = {
			isa = PBXProject;
			attributes = {
				LastSwiftUpdateCheck = 0720;
				LastUpgradeCheck = 0720;
				ORGANIZATIONNAME = "Dustin Flanary";
				TargetAttributes = {
					6BF7400B1C4F38EF00797BD2 = {
						CreatedOnToolsVersion = 7.2;
					};
				};
			};
			buildConfigurationList = 6BF740071C4F38EF00797BD2 /* Build configuration list for PBXProject "Pitch Perfect" */;
			compatibilityVersion = "Xcode 3.2";
			developmentRegion = English;
			hasScannedForEncodings = 0;
			knownRegions = (
				en,
				Base,
			);
			mainGroup = 6BF740031C4F38EF00797BD2;
			productRefGroup = 6BF7400D1C4F38EF00797BD2 /* Products */;
			projectDirPath = "";
			projectRoot = "";
			targets = (
				6BF7400B1C4F38EF00797BD2 /* Pitch Perfect */,
			);
		};
/* End PBXProject section */

/* Begin PBXResourcesBuildPhase section */
		6BF7400A1C4F38EF00797BD2 /* Resources */ = {
			isa = PBXResourcesBuildPhase;
			buildActionMask = 2147483647;
			files = (
				6BF7401A1C4F38EF00797BD2 /* LaunchScreen.storyboard in Resources */,
				6BF740171C4F38EF00797BD2 /* Assets.xcassets in Resources */,
				6BF740151C4F38EF00797BD2 /* Main.storyboard in Resources */,
			);
			runOnlyForDeploymentPostprocessing = 0;
		};
/* End PBXResourcesBuildPhase section */

/* Begin PBXSourcesBuildPhase section */
		6BF740081C4F38EF00797BD2 /* Sources */ = {
			isa = PBXSourcesBuildPhase;
			buildActionMask = 2147483647;
			files = (
				6B2362741C52538F00827319 /* RecordedAudio.swift in Sources */,
				6BF740121C4F38EF00797BD2 /* RecordSoundsViewController.swift in Sources */,
				6BF740221C50F5E500797BD2 /* PlaySoundsViewController.swift in Sources */,
				6BF740101C4F38EF00797BD2 /* AppDelegate.swift in Sources */,
			);
			runOnlyForDeploymentPostprocessing = 0;
		};
/* End PBXSourcesBuildPhase section */

/* Begin PBXVariantGroup section */
		6BF740131C4F38EF00797BD2 /* Main.storyboard */ = {
			isa = PBXVariantGroup;
			children = (
				6BF740141C4F38EF00797BD2 /* Base */,
			);
			name = Main.storyboard;
			sourceTree = "<group>";
		};
		6BF740181C4F38EF00797BD2 /* LaunchScreen.storyboard */ = {
			isa = PBXVariantGroup;
			children = (
				6BF740191C4F38EF00797BD2 /* Base */,
			);
			name = LaunchScreen.storyboard;
			sourceTree = "<group>";
		};
/* End PBXVariantGroup section */

/* Begin XCBuildConfiguration section */
		6BF7401C1C4F38EF00797BD2 /* Debug */ = {
			isa = XCBuildConfiguration;
			buildSettings = {
				ALWAYS_SEARCH_USER_PATHS = NO;
				CLANG_CXX_LANGUAGE_STANDARD = "gnu++0x";
				CLANG_CXX_LIBRARY = "libc++";
				CLANG_ENABLE_MODULES = YES;
				CLANG_ENABLE_OBJC_ARC = YES;
				CLANG_WARN_BOOL_CONVERSION = YES;
				CLANG_WARN_CONSTANT_CONVERSION = YES;
				CLANG_WARN_DIRECT_OBJC_ISA_USAGE = YES_ERROR;
				CLANG_WARN_EMPTY_BODY = YES;
				CLANG_WARN_ENUM_CONVERSION = YES;
				CLANG_WARN_INT_CONVERSION = YES;
				CLANG_WARN_OBJC_ROOT_CLASS = YES_ERROR;
				CLANG_WARN_UNREACHABLE_CODE = YES;
				CLANG_WARN__DUPLICATE_METHOD_MATCH = YES;
				"CODE_SIGN_IDENTITY[sdk=iphoneos*]" = "iPhone Developer";
				COPY_PHASE_STRIP = NO;
				DEBUG_INFORMATION_FORMAT = dwarf;
				ENABLE_STRICT_OBJC_MSGSEND = YES;
				ENABLE_TESTABILITY = YES;
				GCC_C_LANGUAGE_STANDARD = gnu99;
				GCC_DYNAMIC_NO_PIC = NO;
				GCC_NO_COMMON_BLOCKS = YES;
				GCC_OPTIMIZATION_LEVEL = 0;
				GCC_PREPROCESSOR_DEFINITIONS = (
					"DEBUG=1",
					"$(inherited)",
				);
				GCC_WARN_64_TO_32_BIT_CONVERSION = YES;
				GCC_WARN_ABOUT_RETURN_TYPE = YES_ERROR;
				GCC_WARN_UNDECLARED_SELECTOR = YES;
				GCC_WARN_UNINITIALIZED_AUTOS = YES_AGGRESSIVE;
				GCC_WARN_UNUSED_FUNCTION = YES;
				GCC_WARN_UNUSED_VARIABLE = YES;
				IPHONEOS_DEPLOYMENT_TARGET = 9.2;
				MTL_ENABLE_DEBUG_INFO = YES;
				ONLY_ACTIVE_ARCH = YES;
				SDKROOT = iphoneos;
				SWIFT_OPTIMIZATION_LEVEL = "-Onone";
			};
			name = Debug;
		};
		6BF7401D1C4F38EF00797BD2 /* Release */ = {
			isa = XCBuildConfiguration;
			buildSettings = {
				ALWAYS_SEARCH_USER_PATHS = NO;
				CLANG_CXX_LANGUAGE_STANDARD = "gnu++0x";
				CLANG_CXX_LIBRARY = "libc++";
				CLANG_ENABLE_MODULES = YES;
				CLANG_ENABLE_OBJC_ARC = YES;
				CLANG_WARN_BOOL_CONVERSION = YES;
				CLANG_WARN_CONSTANT_CONVERSION = YES;
				CLANG_WARN_DIRECT_OBJC_ISA_USAGE = YES_ERROR;
				CLANG_WARN_EMPTY_BODY = YES;
				CLANG_WARN_ENUM_CONVERSION = YES;
				CLANG_WARN_INT_CONVERSION = YES;
				CLANG_WARN_OBJC_ROOT_CLASS = YES_ERROR;
				CLANG_WARN_UNREACHABLE_CODE = YES;
				CLANG_WARN__DUPLICATE_METHOD_MATCH = YES;
				"CODE_SIGN_IDENTITY[sdk=iphoneos*]" = "iPhone Developer";
				COPY_PHASE_STRIP = NO;
				DEBUG_INFORMATION_FORMAT = "dwarf-with-dsym";
				ENABLE_NS_ASSERTIONS = NO;
				ENABLE_STRICT_OBJC_MSGSEND = YES;
				GCC_C_LANGUAGE_STANDARD = gnu99;
				GCC_NO_COMMON_BLOCKS = YES;
				GCC_WARN_64_TO_32_BIT_CONVERSION = YES;
				GCC_WARN_ABOUT_RETURN_TYPE = YES_ERROR;
				GCC_WARN_UNDECLARED_SELECTOR = YES;
				GCC_WARN_UNINITIALIZED_AUTOS = YES_AGGRESSIVE;
				GCC_WARN_UNUSED_FUNCTION = YES;
				GCC_WARN_UNUSED_VARIABLE = YES;
				IPHONEOS_DEPLOYMENT_TARGET = 9.2;
				MTL_ENABLE_DEBUG_INFO = NO;
				SDKROOT = iphoneos;
				VALIDATE_PRODUCT = YES;
			};
			name = Release;
		};
		6BF7401F1C4F38EF00797BD2 /* Debug */ = {
			isa = XCBuildConfiguration;
			buildSettings = {
				ASSETCATALOG_COMPILER_APPICON_NAME = AppIcon;
				INFOPLIST_FILE = "Pitch Perfect/Info.plist";
				LD_RUNPATH_SEARCH_PATHS = "$(inherited) @executable_path/Frameworks";
				PRODUCT_BUNDLE_IDENTIFIER = "com.DustinFlanary.Pitch-Perfect";
				PRODUCT_NAME = "$(TARGET_NAME)";
			};
			name = Debug;
		};
		6BF740201C4F38EF00797BD2 /* Release */ = {
			isa = XCBuildConfiguration;
			buildSettings = {
				ASSETCATALOG_COMPILER_APPICON_NAME = AppIcon;
				INFOPLIST_FILE = "Pitch Perfect/Info.plist";
				LD_RUNPATH_SEARCH_PATHS = "$(inherited) @executable_path/Frameworks";
				PRODUCT_BUNDLE_IDENTIFIER = "com.DustinFlanary.Pitch-Perfect";
				PRODUCT_NAME = "$(TARGET_NAME)";
			};
			name = Release;
		};
/* End XCBuildConfiguration section */

/* Begin XCConfigurationList section */
		6BF740071C4F38EF00797BD2 /* Build configuration list for PBXProject "Pitch Perfect" */ = {
			isa = XCConfigurationList;
			buildConfigurations = (
				6BF7401C1C4F38EF00797BD2 /* Debug */,
				6BF7401D1C4F38EF00797BD2 /* Release */,
			);
			defaultConfigurationIsVisible = 0;
			defaultConfigurationName = Release;
		};
		6BF7401E1C4F38EF00797BD2 /* Build configuration list for PBXNativeTarget "Pitch Perfect" */ = {
			isa = XCConfigurationList;
			buildConfigurations = (
				6BF7401F1C4F38EF00797BD2 /* Debug */,
				6BF740201C4F38EF00797BD2 /* Release */,
			);
			defaultConfigurationIsVisible = 0;
			defaultConfigurationName = Release;
		};
/* End XCConfigurationList section */
	};
	rootObject = 6BF740041C4F38EF00797BD2 /* Project object */;
}
